
Microsoft Visual Studio Solution File, Format Version 12.00
# Visual Studio Version 17
VisualStudioVersion = 17.5.2.0
MinimumVisualStudioVersion = 10.0.40219.1
Project("{FAE04EC0-301F-11D3-BF4B-00C04F79EFBC}") = "MovieLibrary", "MovieLibrary.csproj", "{44AD0BF5-56F3-D56D-A161-0700A40DF5E9}"
EndProject
Project("{FAE04EC0-301F-11D3-BF4B-00C04F79EFBC}") = "MovieLibrary.Test", "MovieLibrary.Test\MovieLibrary.Test.csproj", "{82A34ED1-6352-45B8-AFF0-1DF247AAF8C9}"
EndProject
Global
	GlobalSection(SolutionConfigurationPlatforms) = preSolution
		Debug|Any CPU = Debug|Any CPU
		Debug|x64 = Debug|x64
		Debug|x86 = Debug|x86
		Release|Any CPU = Release|Any CPU
		Release|x64 = Release|x64
		Release|x86 = Release|x86
	EndGlobalSection
	GlobalSection(ProjectConfigurationPlatforms) = postSolution
		{44AD0BF5-56F3-D56D-A161-0700A40DF5E9}.Debug|Any CPU.ActiveCfg = Debug|Any CPU
		{44AD0BF5-56F3-D56D-A161-0700A40DF5E9}.Debug|Any CPU.Build.0 = Debug|Any CPU
		{44AD0BF5-56F3-D56D-A161-0700A40DF5E9}.Debug|x64.ActiveCfg = Debug|Any CPU
		{44AD0BF5-56F3-D56D-A161-0700A40DF5E9}.Debug|x64.Build.0 = Debug|Any CPU
		{44AD0BF5-56F3-D56D-A161-0700A40DF5E9}.Debug|x86.ActiveCfg = Debug|Any CPU
		{44AD0BF5-56F3-D56D-A161-0700A40DF5E9}.Debug|x86.Build.0 = Debug|Any CPU
		{44AD0BF5-56F3-D56D-A161-0700A40DF5E9}.Release|Any CPU.ActiveCfg = Release|Any CPU
		{44AD0BF5-56F3-D56D-A161-0700A40DF5E9}.Release|Any CPU.Build.0 = Release|Any CPU
		{44AD0BF5-56F3-D56D-A161-0700A40DF5E9}.Release|x64.ActiveCfg = Release|Any CPU
		{44AD0BF5-56F3-D56D-A161-0700A40DF5E9}.Release|x64.Build.0 = Release|Any CPU
		{44AD0BF5-56F3-D56D-A161-0700A40DF5E9}.Release|x86.ActiveCfg = Release|Any CPU
		{44AD0BF5-56F3-D56D-A161-0700A40DF5E9}.Release|x86.Build.0 = Release|Any CPU
		{82A34ED1-6352-45B8-AFF0-1DF247AAF8C9}.Debug|Any CPU.ActiveCfg = Debug|Any CPU
		{82A34ED1-6352-45B8-AFF0-1DF247AAF8C9}.Debug|Any CPU.Build.0 = Debug|Any CPU
		{82A34ED1-6352-45B8-AFF0-1DF247AAF8C9}.Debug|x64.ActiveCfg = Debug|Any CPU
		{82A34ED1-6352-45B8-AFF0-1DF247AAF8C9}.Debug|x64.Build.0 = Debug|Any CPU
		{82A34ED1-6352-45B8-AFF0-1DF247AAF8C9}.Debug|x86.ActiveCfg = Debug|Any CPU
		{82A34ED1-6352-45B8-AFF0-1DF247AAF8C9}.Debug|x86.Build.0 = Debug|Any CPU
		{82A34ED1-6352-45B8-AFF0-1DF247AAF8C9}.Release|Any CPU.ActiveCfg = Release|Any CPU
		{82A34ED1-6352-45B8-AFF0-1DF247AAF8C9}.Release|Any CPU.Build.0 = Release|Any CPU
		{82A34ED1-6352-45B8-AFF0-1DF247AAF8C9}.Release|x64.ActiveCfg = Release|Any CPU
		{82A34ED1-6352-45B8-AFF0-1DF247AAF8C9}.Release|x64.Build.0 = Release|Any CPU
		{82A34ED1-6352-45B8-AFF0-1DF247AAF8C9}.Release|x86.ActiveCfg = Release|Any CPU
		{82A34ED1-6352-45B8-AFF0-1DF247AAF8C9}.Release|x86.Build.0 = Release|Any CPU
	EndGlobalSection
	GlobalSection(SolutionProperties) = preSolution
		HideSolutionNode = FALSE
	EndGlobalSection
	GlobalSection(ExtensibilityGlobals) = postSolution
		SolutionGuid = {253DF35A-1C3A-478C-8EF0-45592988F2BD}
	EndGlobalSection
EndGlobal
